
Microsoft Visual Studio Solution File, Format Version 12.00
# Visual Studio Version 16
VisualStudioVersion = 16.0.28803.202
MinimumVisualStudioVersion = 10.0.40219.1
Project("{FAE04EC0-301F-11D3-BF4B-00C04F79EFBC}") = "MySweetyPhone-PC", "MySweetyPhone-PC\MySweetyPhone-PC.csproj", "{3D4C8F87-5D14-4155-BFA6-9BA700EB6125}"
EndProject
Global
	GlobalSection(SolutionConfigurationPlatforms) = preSolution
		Debug|Any CPU = Debug|Any CPU
		Release|Any CPU = Release|Any CPU
	EndGlobalSection
	GlobalSection(ProjectConfigurationPlatforms) = postSolution
		{3D4C8F87-5D14-4155-BFA6-9BA700EB6125}.Debug|Any CPU.ActiveCfg = Debug|Any CPU
		{3D4C8F87-5D14-4155-BFA6-9BA700EB6125}.Debug|Any CPU.Build.0 = Debug|Any CPU
		{3D4C8F87-5D14-4155-BFA6-9BA700EB6125}.Release|Any CPU.ActiveCfg = Release|Any CPU
		{3D4C8F87-5D14-4155-BFA6-9BA700EB6125}.Release|Any CPU.Build.0 = Release|Any CPU
	EndGlobalSection
	GlobalSection(SolutionProperties) = preSolution
		HideSolutionNode = FALSE
	EndGlobalSection
	GlobalSection(ExtensibilityGlobals) = postSolution
		SolutionGuid = {02BA0F9E-8CD6-40AB-B6C0-749FD2A1EA45}
	EndGlobalSection
EndGlobal
